// !$*UTF8*$!
{
	archiveVersion = 1;
	classes = {
	};
	objectVersion = 46;
	objects = {

/* Begin PBXBuildFile section */
		38A6320C1B051FEE005C0EC5 /* AppDelegate.swift in Sources */ = {isa = PBXBuildFile; fileRef = 38A6320B1B051FEE005C0EC5 /* AppDelegate.swift */; };
		38A632111B051FEE005C0EC5 /* Main.storyboard in Resources */ = {isa = PBXBuildFile; fileRef = 38A6320F1B051FEE005C0EC5 /* Main.storyboard */; };
		38A632131B051FEE005C0EC5 /* Images.xcassets in Resources */ = {isa = PBXBuildFile; fileRef = 38A632121B051FEE005C0EC5 /* Images.xcassets */; };
		38A632161B051FEE005C0EC5 /* LaunchScreen.xib in Resources */ = {isa = PBXBuildFile; fileRef = 38A632141B051FEE005C0EC5 /* LaunchScreen.xib */; };
		38A632221B051FEF005C0EC5 /* GroceryListAppTests.swift in Sources */ = {isa = PBXBuildFile; fileRef = 38A632211B051FEF005C0EC5 /* GroceryListAppTests.swift */; };
		38A6322C1B0527D8005C0EC5 /* ShoppingListTableViewController.swift in Sources */ = {isa = PBXBuildFile; fileRef = 38A6322B1B0527D8005C0EC5 /* ShoppingListTableViewController.swift */; };
		38A6322E1B05281F005C0EC5 /* ShoppingListCell.swift in Sources */ = {isa = PBXBuildFile; fileRef = 38A6322D1B05281F005C0EC5 /* ShoppingListCell.swift */; };
/* End PBXBuildFile section */

/* Begin PBXContainerItemProxy section */
		38A6321C1B051FEF005C0EC5 /* PBXContainerItemProxy */ = {
			isa = PBXContainerItemProxy;
			containerPortal = 38A631FE1B051FEE005C0EC5 /* Project object */;
			proxyType = 1;
			remoteGlobalIDString = 38A632051B051FEE005C0EC5;
			remoteInfo = GroceryListApp;
		};
/* End PBXContainerItemProxy section */

/* Begin PBXFileReference section */
		38A632061B051FEE005C0EC5 /* GroceryListApp.app */ = {isa = PBXFileReference; explicitFileType = wrapper.application; includeInIndex = 0; path = GroceryListApp.app; sourceTree = BUILT_PRODUCTS_DIR; };
		38A6320A1B051FEE005C0EC5 /* Info.plist */ = {isa = PBXFileReference; lastKnownFileType = text.plist.xml; path = Info.plist; sourceTree = "<group>"; };
		38A6320B1B051FEE005C0EC5 /* AppDelegate.swift */ = {isa = PBXFileReference; lastKnownFileType = sourcecode.swift; path = AppDelegate.swift; sourceTree = "<group>"; };
		38A632101B051FEE005C0EC5 /* Base */ = {isa = PBXFileReference; lastKnownFileType = file.storyboard; name = Base; path = Base.lproj/Main.storyboard; sourceTree = "<group>"; };
		38A632121B051FEE005C0EC5 /* Images.xcassets */ = {isa = PBXFileReference; lastKnownFileType = folder.assetcatalog; path = Images.xcassets; sourceTree = "<group>"; };
		38A632151B051FEE005C0EC5 /* Base */ = {isa = PBXFileReference; lastKnownFileType = file.xib; name = Base; path = Base.lproj/LaunchScreen.xib; sourceTree = "<group>"; };
		38A6321B1B051FEF005C0EC5 /* GroceryListAppTests.xctest */ = {isa = PBXFileReference; explicitFileType = wrapper.cfbundle; includeInIndex = 0; path = GroceryListAppTests.xctest; sourceTree = BUILT_PRODUCTS_DIR; };
		38A632201B051FEF005C0EC5 /* Info.plist */ = {isa = PBXFileReference; lastKnownFileType = text.plist.xml; path = Info.plist; sourceTree = "<group>"; };
		38A632211B051FEF005C0EC5 /* GroceryListAppTests.swift */ = {isa = PBXFileReference; lastKnownFileType = sourcecode.swift; path = GroceryListAppTests.swift; sourceTree = "<group>"; };
		38A6322B1B0527D8005C0EC5 /* ShoppingListTableViewController.swift */ = {isa = PBXFileReference; fileEncoding = 4; lastKnownFileType = sourcecode.swift; path = ShoppingListTableViewController.swift; sourceTree = "<group>"; };
		38A6322D1B05281F005C0EC5 /* ShoppingListCell.swift */ = {isa = PBXFileReference; fileEncoding = 4; lastKnownFileType = sourcecode.swift; path = ShoppingListCell.swift; sourceTree = "<group>"; };
/* End PBXFileReference section */

/* Begin PBXFrameworksBuildPhase section */
		38A632031B051FEE005C0EC5 /* Frameworks */ = {
			isa = PBXFrameworksBuildPhase;
			buildActionMask = 2147483647;
			files = (
			);
			runOnlyForDeploymentPostprocessing = 0;
		};
		38A632181B051FEF005C0EC5 /* Frameworks */ = {
			isa = PBXFrameworksBuildPhase;
			buildActionMask = 2147483647;
			files = (
			);
			runOnlyForDeploymentPostprocessing = 0;
		};
/* End PBXFrameworksBuildPhase section */

/* Begin PBXGroup section */
		38A631FD1B051FEE005C0EC5 = {
			isa = PBXGroup;
			children = (
				38A632081B051FEE005C0EC5 /* GroceryListApp */,
				38A6321E1B051FEF005C0EC5 /* GroceryListAppTests */,
				38A632071B051FEE005C0EC5 /* Products */,
			);
			sourceTree = "<group>";
		};
		38A632071B051FEE005C0EC5 /* Products */ = {
			isa = PBXGroup;
			children = (
				38A632061B051FEE005C0EC5 /* GroceryListApp.app */,
				38A6321B1B051FEF005C0EC5 /* GroceryListAppTests.xctest */,
			);
			name = Products;
			sourceTree = "<group>";
		};
		38A632081B051FEE005C0EC5 /* GroceryListApp */ = {
			isa = PBXGroup;
			children = (
				38A6320B1B051FEE005C0EC5 /* AppDelegate.swift */,
				38A6320F1B051FEE005C0EC5 /* Main.storyboard */,
				38A6322B1B0527D8005C0EC5 /* ShoppingListTableViewController.swift */,
				38A6322D1B05281F005C0EC5 /* ShoppingListCell.swift */,
				38A632121B051FEE005C0EC5 /* Images.xcassets */,
				38A632141B051FEE005C0EC5 /* LaunchScreen.xib */,
				38A632091B051FEE005C0EC5 /* Supporting Files */,
			);
			path = GroceryListApp;
			sourceTree = "<group>";
		};
		38A632091B051FEE005C0EC5 /* Supporting Files */ = {
			isa = PBXGroup;
			children = (
				38A6320A1B051FEE005C0EC5 /* Info.plist */,
			);
			name = "Supporting Files";
			sourceTree = "<group>";
		};
		38A6321E1B051FEF005C0EC5 /* GroceryListAppTests */ = {
			isa = PBXGroup;
			children = (
				38A632211B051FEF005C0EC5 /* GroceryListAppTests.swift */,
				38A6321F1B051FEF005C0EC5 /* Supporting Files */,
			);
			path = GroceryListAppTests;
			sourceTree = "<group>";
		};
		38A6321F1B051FEF005C0EC5 /* Supporting Files */ = {
			isa = PBXGroup;
			children = (
				38A632201B051FEF005C0EC5 /* Info.plist */,
			);
			name = "Supporting Files";
			sourceTree = "<group>";
		};
/* End PBXGroup section */

/* Begin PBXNativeTarget section */
		38A632051B051FEE005C0EC5 /* GroceryListApp */ = {
			isa = PBXNativeTarget;
			buildConfigurationList = 38A632251B051FEF005C0EC5 /* Build configuration list for PBXNativeTarget "GroceryListApp" */;
			buildPhases = (
				38A632021B051FEE005C0EC5 /* Sources */,
				38A632031B051FEE005C0EC5 /* Frameworks */,
				38A632041B051FEE005C0EC5 /* Resources */,
			);
			buildRules = (
			);
			dependencies = (
			);
			name = GroceryListApp;
			productName = GroceryListApp;
			productReference = 38A632061B051FEE005C0EC5 /* GroceryListApp.app */;
			productType = "com.apple.product-type.application";
		};
		38A6321A1B051FEF005C0EC5 /* GroceryListAppTests */ = {
			isa = PBXNativeTarget;
			buildConfigurationList = 38A632281B051FEF005C0EC5 /* Build configuration list for PBXNativeTarget "GroceryListAppTests" */;
			buildPhases = (
				38A632171B051FEF005C0EC5 /* Sources */,
				38A632181B051FEF005C0EC5 /* Frameworks */,
				38A632191B051FEF005C0EC5 /* Resources */,
			);
			buildRules = (
			);
			dependencies = (
				38A6321D1B051FEF005C0EC5 /* PBXTargetDependency */,
			);
			name = GroceryListAppTests;
			productName = GroceryListAppTests;
			productReference = 38A6321B1B051FEF005C0EC5 /* GroceryListAppTests.xctest */;
			productType = "com.apple.product-type.bundle.unit-test";
		};
/* End PBXNativeTarget section */

/* Begin PBXProject section */
		38A631FE1B051FEE005C0EC5 /* Project object */ = {
			isa = PBXProject;
			attributes = {
				LastUpgradeCheck = 0630;
				ORGANIZATIONNAME = "Jennifer Stikeleather";
				TargetAttributes = {
					38A632051B051FEE005C0EC5 = {
						CreatedOnToolsVersion = 6.3.1;
					};
					38A6321A1B051FEF005C0EC5 = {
						CreatedOnToolsVersion = 6.3.1;
						TestTargetID = 38A632051B051FEE005C0EC5;
					};
				};
			};
			buildConfigurationList = 38A632011B051FEE005C0EC5 /* Build configuration list for PBXProject "GroceryListApp" */;
			compatibilityVersion = "Xcode 3.2";
			developmentRegion = English;
			hasScannedForEncodings = 0;
			knownRegions = (
				en,
				Base,
			);
			mainGroup = 38A631FD1B051FEE005C0EC5;
			productRefGroup = 38A632071B051FEE005C0EC5 /* Products */;
			projectDirPath = "";
			projectRoot = "";
			targets = (
				38A632051B051FEE005C0EC5 /* GroceryListApp */,
				38A6321A1B051FEF005C0EC5 /* GroceryListAppTests */,
			);
		};
/* End PBXProject section */

/* Begin PBXResourcesBuildPhase section */
		38A632041B051FEE005C0EC5 /* Resources */ = {
			isa = PBXResourcesBuildPhase;
			buildActionMask = 2147483647;
			files = (
				38A632111B051FEE005C0EC5 /* Main.storyboard in Resources */,
				38A632161B051FEE005C0EC5 /* LaunchScreen.xib in Resources */,
				38A632131B051FEE005C0EC5 /* Images.xcassets in Resources */,
			);
			runOnlyForDeploymentPostprocessing = 0;
		};
		38A632191B051FEF005C0EC5 /* Resources */ = {
			isa = PBXResourcesBuildPhase;
			buildActionMask = 2147483647;
			files = (
			);
			runOnlyForDeploymentPostprocessing = 0;
		};
/* End PBXResourcesBuildPhase section */

/* Begin PBXSourcesBuildPhase section */
		38A632021B051FEE005C0EC5 /* Sources */ = {
			isa = PBXSourcesBuildPhase;
			buildActionMask = 2147483647;
			files = (
				38A6322E1B05281F005C0EC5 /* ShoppingListCell.swift in Sources */,
				38A6320C1B051FEE005C0EC5 /* AppDelegate.swift in Sources */,
				38A6322C1B0527D8005C0EC5 /* ShoppingListTableViewController.swift in Sources */,
			);
			runOnlyForDeploymentPostprocessing = 0;
		};
		38A632171B051FEF005C0EC5 /* Sources */ = {
			isa = PBXSourcesBuildPhase;
			buildActionMask = 2147483647;
			files = (
				38A632221B051FEF005C0EC5 /* GroceryListAppTests.swift in Sources */,
			);
			runOnlyForDeploymentPostprocessing = 0;
		};
/* End PBXSourcesBuildPhase section */

/* Begin PBXTargetDependency section */
		38A6321D1B051FEF005C0EC5 /* PBXTargetDependency */ = {
			isa = PBXTargetDependency;
			target = 38A632051B051FEE005C0EC5 /* GroceryListApp */;
			targetProxy = 38A6321C1B051FEF005C0EC5 /* PBXContainerItemProxy */;
		};
/* End PBXTargetDependency section */

/* Begin PBXVariantGroup section */
		38A6320F1B051FEE005C0EC5 /* Main.storyboard */ = {
			isa = PBXVariantGroup;
			children = (
				38A632101B051FEE005C0EC5 /* Base */,
			);
			name = Main.storyboard;
			sourceTree = "<group>";
		};
		38A632141B051FEE005C0EC5 /* LaunchScreen.xib */ = {
			isa = PBXVariantGroup;
			children = (
				38A632151B051FEE005C0EC5 /* Base */,
			);
			name = LaunchScreen.xib;
			sourceTree = "<group>";
		};
/* End PBXVariantGroup section */

/* Begin XCBuildConfiguration section */
		38A632231B051FEF005C0EC5 /* Debug */ = {
			isa = XCBuildConfiguration;
			buildSettings = {
				ALWAYS_SEARCH_USER_PATHS = NO;
				CLANG_CXX_LANGUAGE_STANDARD = "gnu++0x";
				CLANG_CXX_LIBRARY = "libc++";
				CLANG_ENABLE_MODULES = YES;
				CLANG_ENABLE_OBJC_ARC = YES;
				CLANG_WARN_BOOL_CONVERSION = YES;
				CLANG_WARN_CONSTANT_CONVERSION = YES;
				CLANG_WARN_DIRECT_OBJC_ISA_USAGE = YES_ERROR;
				CLANG_WARN_EMPTY_BODY = YES;
				CLANG_WARN_ENUM_CONVERSION = YES;
				CLANG_WARN_INT_CONVERSION = YES;
				CLANG_WARN_OBJC_ROOT_CLASS = YES_ERROR;
				CLANG_WARN_UNREACHABLE_CODE = YES;
				CLANG_WARN__DUPLICATE_METHOD_MATCH = YES;
				"CODE_SIGN_IDENTITY[sdk=iphoneos*]" = "iPhone Developer";
				COPY_PHASE_STRIP = NO;
				DEBUG_INFORMATION_FORMAT = "dwarf-with-dsym";
				ENABLE_STRICT_OBJC_MSGSEND = YES;
				GCC_C_LANGUAGE_STANDARD = gnu99;
				GCC_DYNAMIC_NO_PIC = NO;
				GCC_NO_COMMON_BLOCKS = YES;
				GCC_OPTIMIZATION_LEVEL = 0;
				GCC_PREPROCESSOR_DEFINITIONS = (
					"DEBUG=1",
					"$(inherited)",
				);
				GCC_SYMBOLS_PRIVATE_EXTERN = NO;
				GCC_WARN_64_TO_32_BIT_CONVERSION = YES;
				GCC_WARN_ABOUT_RETURN_TYPE = YES_ERROR;
				GCC_WARN_UNDECLARED_SELECTOR = YES;
				GCC_WARN_UNINITIALIZED_AUTOS = YES_AGGRESSIVE;
				GCC_WARN_UNUSED_FUNCTION = YES;
				GCC_WARN_UNUSED_VARIABLE = YES;
				IPHONEOS_DEPLOYMENT_TARGET = 8.3;
				MTL_ENABLE_DEBUG_INFO = YES;
				ONLY_ACTIVE_ARCH = YES;
				SDKROOT = iphoneos;
				SWIFT_OPTIMIZATION_LEVEL = "-Onone";
			};
			name = Debug;
		};
		38A632241B051FEF005C0EC5 /* Release */ = {
			isa = XCBuildConfiguration;
			buildSettings = {
				ALWAYS_SEARCH_USER_PATHS = NO;
				CLANG_CXX_LANGUAGE_STANDARD = "gnu++0x";
				CLANG_CXX_LIBRARY = "libc++";
				CLANG_ENABLE_MODULES = YES;
				CLANG_ENABLE_OBJC_ARC = YES;
				CLANG_WARN_BOOL_CONVERSION = YES;
				CLANG_WARN_CONSTANT_CONVERSION = YES;
				CLANG_WARN_DIRECT_OBJC_ISA_USAGE = YES_ERROR;
				CLANG_WARN_EMPTY_BODY = YES;
				CLANG_WARN_ENUM_CONVERSION = YES;
				CLANG_WARN_INT_CONVERSION = YES;
				CLANG_WARN_OBJC_ROOT_CLASS = YES_ERROR;
				CLANG_WARN_UNREACHABLE_CODE = YES;
				CLANG_WARN__DUPLICATE_METHOD_MATCH = YES;
				"CODE_SIGN_IDENTITY[sdk=iphoneos*]" = "iPhone Developer";
				COPY_PHASE_STRIP = NO;
				DEBUG_INFORMATION_FORMAT = "dwarf-with-dsym";
				ENABLE_NS_ASSERTIONS = NO;
				ENABLE_STRICT_OBJC_MSGSEND = YES;
				GCC_C_LANGUAGE_STANDARD = gnu99;
				GCC_NO_COMMON_BLOCKS = YES;
				GCC_WARN_64_TO_32_BIT_CONVERSION = YES;
				GCC_WARN_ABOUT_RETURN_TYPE = YES_ERROR;
				GCC_WARN_UNDECLARED_SELECTOR = YES;
				GCC_WARN_UNINITIALIZED_AUTOS = YES_AGGRESSIVE;
				GCC_WARN_UNUSED_FUNCTION = YES;
				GCC_WARN_UNUSED_VARIABLE = YES;
				IPHONEOS_DEPLOYMENT_TARGET = 8.3;
				MTL_ENABLE_DEBUG_INFO = NO;
				SDKROOT = iphoneos;
				VALIDATE_PRODUCT = YES;
			};
			name = Release;
		};
		38A632261B051FEF005C0EC5 /* Debug */ = {
			isa = XCBuildConfiguration;
			buildSettings = {
				ASSETCATALOG_COMPILER_APPICON_NAME = AppIcon;
				INFOPLIST_FILE = GroceryListApp/Info.plist;
				LD_RUNPATH_SEARCH_PATHS = "$(inherited) @executable_path/Frameworks";
				PRODUCT_NAME = "$(TARGET_NAME)";
			};
			name = Debug;
		};
		38A632271B051FEF005C0EC5 /* Release */ = {
			isa = XCBuildConfiguration;
			buildSettings = {
				ASSETCATALOG_COMPILER_APPICON_NAME = AppIcon;
				INFOPLIST_FILE = GroceryListApp/Info.plist;
				LD_RUNPATH_SEARCH_PATHS = "$(inherited) @executable_path/Frameworks";
				PRODUCT_NAME = "$(TARGET_NAME)";
			};
			name = Release;
		};
		38A632291B051FEF005C0EC5 /* Debug */ = {
			isa = XCBuildConfiguration;
			buildSettings = {
				BUNDLE_LOADER = "$(TEST_HOST)";
				FRAMEWORK_SEARCH_PATHS = (
					"$(SDKROOT)/Developer/Library/Frameworks",
					"$(inherited)",
				);
				GCC_PREPROCESSOR_DEFINITIONS = (
					"DEBUG=1",
					"$(inherited)",
				);
				INFOPLIST_FILE = GroceryListAppTests/Info.plist;
				LD_RUNPATH_SEARCH_PATHS = "$(inherited) @executable_path/Frameworks @loader_path/Frameworks";
				PRODUCT_NAME = "$(TARGET_NAME)";
				TEST_HOST = "$(BUILT_PRODUCTS_DIR)/GroceryListApp.app/GroceryListApp";
			};
			name = Debug;
		};
		38A6322A1B051FEF005C0EC5 /* Release */ = {
			isa = XCBuildConfiguration;
			buildSettings = {
				BUNDLE_LOADER = "$(TEST_HOST)";
				FRAMEWORK_SEARCH_PATHS = (
					"$(SDKROOT)/Developer/Library/Frameworks",
					"$(inherited)",
				);
				INFOPLIST_FILE = GroceryListAppTests/Info.plist;
				LD_RUNPATH_SEARCH_PATHS = "$(inherited) @executable_path/Frameworks @loader_path/Frameworks";
				PRODUCT_NAME = "$(TARGET_NAME)";
				TEST_HOST = "$(BUILT_PRODUCTS_DIR)/GroceryListApp.app/GroceryListApp";
			};
			name = Release;
		};
/* End XCBuildConfiguration section */

/* Begin XCConfigurationList section */
		38A632011B051FEE005C0EC5 /* Build configuration list for PBXProject "GroceryListApp" */ = {
			isa = XCConfigurationList;
			buildConfigurations = (
				38A632231B051FEF005C0EC5 /* Debug */,
				38A632241B051FEF005C0EC5 /* Release */,
			);
			defaultConfigurationIsVisible = 0;
			defaultConfigurationName = Release;
		};
		38A632251B051FEF005C0EC5 /* Build configuration list for PBXNativeTarget "GroceryListApp" */ = {
			isa = XCConfigurationList;
			buildConfigurations = (
				38A632261B051FEF005C0EC5 /* Debug */,
				38A632271B051FEF005C0EC5 /* Release */,
			);
			defaultConfigurationIsVisible = 0;
		};
		38A632281B051FEF005C0EC5 /* Build configuration list for PBXNativeTarget "GroceryListAppTests" */ = {
			isa = XCConfigurationList;
			buildConfigurations = (
				38A632291B051FEF005C0EC5 /* Debug */,
				38A6322A1B051FEF005C0EC5 /* Release */,
			);
			defaultConfigurationIsVisible = 0;
		};
/* End XCConfigurationList section */
	};
	rootObject = 38A631FE1B051FEE005C0EC5 /* Project object */;
}
